// !$*UTF8*$!
{
	archiveVersion = 1;
	classes = {
	};
	objectVersion = 46;
	objects = {

/* Begin PBXBuildFile section */
		1D0E1BC01BEC0A0200CDC6DA /* DummyResourceTests+Update.swift in Sources */ = {isa = PBXBuildFile; fileRef = 1D0E1BBF1BEC0A0200CDC6DA /* DummyResourceTests+Update.swift */; };
		1D0E1BC21BEC0BF300CDC6DA /* DummyResourcesTests+Delete.swift in Sources */ = {isa = PBXBuildFile; fileRef = 1D0E1BC11BEC0BF300CDC6DA /* DummyResourcesTests+Delete.swift */; };
		1D0E1BC41BEC0C6F00CDC6DA /* Sworm+InstanceMethods.swift in Sources */ = {isa = PBXBuildFile; fileRef = 1D0E1BC31BEC0C6F00CDC6DA /* Sworm+InstanceMethods.swift */; };
		1D0E1BC61BEC306700CDC6DA /* Pluralize.swift in Sources */ = {isa = PBXBuildFile; fileRef = 1D0E1BC51BEC306700CDC6DA /* Pluralize.swift */; };
		1D2544221BE5882400B26005 /* DummyResourceTests+Gets.swift in Sources */ = {isa = PBXBuildFile; fileRef = 1D2544211BE5882400B26005 /* DummyResourceTests+Gets.swift */; };
		1D2544241BE5892100B26005 /* client_10.json in Resources */ = {isa = PBXBuildFile; fileRef = 1D2544231BE5892100B26005 /* client_10.json */; };
		1D38483E1BE650CF00AB92A3 /* DummyResourceTests+GetCollections.swift in Sources */ = {isa = PBXBuildFile; fileRef = 1D38483D1BE650CF00AB92A3 /* DummyResourceTests+GetCollections.swift */; };
		1D3848401BE6523900AB92A3 /* active_clients.json in Resources */ = {isa = PBXBuildFile; fileRef = 1D38483F1BE6523900AB92A3 /* active_clients.json */; };
		1D6C7C691BE64C9200E49795 /* address.json in Resources */ = {isa = PBXBuildFile; fileRef = 1D6C7C681BE64C9200E49795 /* address.json */; };
		1D6C7C6B1BE64E0300E49795 /* clients.json in Resources */ = {isa = PBXBuildFile; fileRef = 1D6C7C6A1BE64E0300E49795 /* clients.json */; };
		1DA60CBB1BE430C5008894AD /* DummyResourceTests.swift in Sources */ = {isa = PBXBuildFile; fileRef = 1DA60CBA1BE430C5008894AD /* DummyResourceTests.swift */; };
		1DD65A861BE83BF10005C95E /* Sworm+Params.swift in Sources */ = {isa = PBXBuildFile; fileRef = 1DD65A851BE83BF10005C95E /* Sworm+Params.swift */; };
		1DD65A871BE83BF60005C95E /* Sworm+Params.swift in Sources */ = {isa = PBXBuildFile; fileRef = 1DD65A851BE83BF10005C95E /* Sworm+Params.swift */; };
		1DD65A891BE83C250005C95E /* Sworm+ParamsTest.swift in Sources */ = {isa = PBXBuildFile; fileRef = 1DD65A881BE83C250005C95E /* Sworm+ParamsTest.swift */; };
		1DD65A8B1BE843090005C95E /* Dictionary.swift in Sources */ = {isa = PBXBuildFile; fileRef = 1DD65A8A1BE843090005C95E /* Dictionary.swift */; };
		1DD65A8C1BE843090005C95E /* Dictionary.swift in Sources */ = {isa = PBXBuildFile; fileRef = 1DD65A8A1BE843090005C95E /* Dictionary.swift */; };
		1DFF98561BE6D16C003B32CE /* DummyResourcesTests+Creation.swift in Sources */ = {isa = PBXBuildFile; fileRef = 1DFF98551BE6D16C003B32CE /* DummyResourcesTests+Creation.swift */; };
		66E4CD8F652E911C62145FF5 /* Pods_Sworm.framework in Frameworks */ = {isa = PBXBuildFile; fileRef = 634B6EAF6D582CED351EB32E /* Pods_Sworm.framework */; };
		A4A1CC3E1BED3A1000FCA785 /* Sworm.podspec in Resources */ = {isa = PBXBuildFile; fileRef = A4A1CC3D1BED3A1000FCA785 /* Sworm.podspec */; };
		A4A1CC401BED3AA000FCA785 /* LICENSE in Resources */ = {isa = PBXBuildFile; fileRef = A4A1CC3F1BED3AA000FCA785 /* LICENSE */; };
		A4A1CC421BED41C500FCA785 /* Podfile in Resources */ = {isa = PBXBuildFile; fileRef = A4A1CC411BED41C500FCA785 /* Podfile */; };
		A4A616291C3E9D2E00B44266 /* Inflection.swift in Sources */ = {isa = PBXBuildFile; fileRef = A4A616281C3E9D2E00B44266 /* Inflection.swift */; };
		A4F663301BE4063C008AC04E /* Sworm.framework in Frameworks */ = {isa = PBXBuildFile; fileRef = A4F663251BE4063C008AC04E /* Sworm.framework */; };
		A4F663351BE4063C008AC04E /* SwormTests.swift in Sources */ = {isa = PBXBuildFile; fileRef = A4F663341BE4063C008AC04E /* SwormTests.swift */; };
		A4F663411BE406C6008AC04E /* Alamofire+Request.swift in Sources */ = {isa = PBXBuildFile; fileRef = A4F663401BE406C6008AC04E /* Alamofire+Request.swift */; };
		A4F663421BE406C6008AC04E /* Alamofire+Request.swift in Sources */ = {isa = PBXBuildFile; fileRef = A4F663401BE406C6008AC04E /* Alamofire+Request.swift */; };
		A4F663441BE40711008AC04E /* Sworm.swift in Sources */ = {isa = PBXBuildFile; fileRef = A4F663431BE40711008AC04E /* Sworm.swift */; };
		A4F663451BE40711008AC04E /* Sworm.swift in Sources */ = {isa = PBXBuildFile; fileRef = A4F663431BE40711008AC04E /* Sworm.swift */; };
		D2D51401A1F6820F4D20C338 /* Pods_SwormTests.framework in Frameworks */ = {isa = PBXBuildFile; fileRef = 6E72721FFA5FCDA17A565BEB /* Pods_SwormTests.framework */; };
/* End PBXBuildFile section */

/* Begin PBXContainerItemProxy section */
		A4F663311BE4063C008AC04E /* PBXContainerItemProxy */ = {
			isa = PBXContainerItemProxy;
			containerPortal = A4F6631C1BE4063C008AC04E /* Project object */;
			proxyType = 1;
			remoteGlobalIDString = A4F663241BE4063C008AC04E;
			remoteInfo = Sworm;
		};
/* End PBXContainerItemProxy section */

/* Begin PBXFileReference section */
		1D0E1BBF1BEC0A0200CDC6DA /* DummyResourceTests+Update.swift */ = {isa = PBXFileReference; fileEncoding = 4; lastKnownFileType = sourcecode.swift; path = "DummyResourceTests+Update.swift"; sourceTree = "<group>"; };
		1D0E1BC11BEC0BF300CDC6DA /* DummyResourcesTests+Delete.swift */ = {isa = PBXFileReference; fileEncoding = 4; lastKnownFileType = sourcecode.swift; path = "DummyResourcesTests+Delete.swift"; sourceTree = "<group>"; };
		1D0E1BC31BEC0C6F00CDC6DA /* Sworm+InstanceMethods.swift */ = {isa = PBXFileReference; fileEncoding = 4; lastKnownFileType = sourcecode.swift; path = "Sworm+InstanceMethods.swift"; sourceTree = "<group>"; };
		1D0E1BC51BEC306700CDC6DA /* Pluralize.swift */ = {isa = PBXFileReference; fileEncoding = 4; lastKnownFileType = sourcecode.swift; path = Pluralize.swift; sourceTree = "<group>"; };
		1D2544211BE5882400B26005 /* DummyResourceTests+Gets.swift */ = {isa = PBXFileReference; fileEncoding = 4; lastKnownFileType = sourcecode.swift; path = "DummyResourceTests+Gets.swift"; sourceTree = "<group>"; };
		1D2544231BE5892100B26005 /* client_10.json */ = {isa = PBXFileReference; fileEncoding = 4; lastKnownFileType = text.json; name = client_10.json; path = Fixtures/client_10.json; sourceTree = "<group>"; };
		1D38483D1BE650CF00AB92A3 /* DummyResourceTests+GetCollections.swift */ = {isa = PBXFileReference; fileEncoding = 4; lastKnownFileType = sourcecode.swift; path = "DummyResourceTests+GetCollections.swift"; sourceTree = "<group>"; };
		1D38483F1BE6523900AB92A3 /* active_clients.json */ = {isa = PBXFileReference; fileEncoding = 4; lastKnownFileType = text.json; name = active_clients.json; path = Fixtures/active_clients.json; sourceTree = "<group>"; };
		1D6C7C681BE64C9200E49795 /* address.json */ = {isa = PBXFileReference; fileEncoding = 4; lastKnownFileType = text.json; path = address.json; sourceTree = "<group>"; };
		1D6C7C6A1BE64E0300E49795 /* clients.json */ = {isa = PBXFileReference; fileEncoding = 4; lastKnownFileType = text.json; name = clients.json; path = Fixtures/clients.json; sourceTree = "<group>"; };
		1DA60CBA1BE430C5008894AD /* DummyResourceTests.swift */ = {isa = PBXFileReference; fileEncoding = 4; lastKnownFileType = sourcecode.swift; path = DummyResourceTests.swift; sourceTree = "<group>"; };
		1DD65A851BE83BF10005C95E /* Sworm+Params.swift */ = {isa = PBXFileReference; fileEncoding = 4; lastKnownFileType = sourcecode.swift; path = "Sworm+Params.swift"; sourceTree = "<group>"; };
		1DD65A881BE83C250005C95E /* Sworm+ParamsTest.swift */ = {isa = PBXFileReference; fileEncoding = 4; lastKnownFileType = sourcecode.swift; path = "Sworm+ParamsTest.swift"; sourceTree = "<group>"; };
		1DD65A8A1BE843090005C95E /* Dictionary.swift */ = {isa = PBXFileReference; fileEncoding = 4; lastKnownFileType = sourcecode.swift; path = Dictionary.swift; sourceTree = "<group>"; };
		1DFF98551BE6D16C003B32CE /* DummyResourcesTests+Creation.swift */ = {isa = PBXFileReference; fileEncoding = 4; lastKnownFileType = sourcecode.swift; path = "DummyResourcesTests+Creation.swift"; sourceTree = "<group>"; };
		634B6EAF6D582CED351EB32E /* Pods_Sworm.framework */ = {isa = PBXFileReference; explicitFileType = wrapper.framework; includeInIndex = 0; path = Pods_Sworm.framework; sourceTree = BUILT_PRODUCTS_DIR; };
		6A56888E872F5A9BDC94EFB0 /* Pods-Sworm.debug.xcconfig */ = {isa = PBXFileReference; includeInIndex = 1; lastKnownFileType = text.xcconfig; name = "Pods-Sworm.debug.xcconfig"; path = "Pods/Target Support Files/Pods-Sworm/Pods-Sworm.debug.xcconfig"; sourceTree = "<group>"; };
		6E72721FFA5FCDA17A565BEB /* Pods_SwormTests.framework */ = {isa = PBXFileReference; explicitFileType = wrapper.framework; includeInIndex = 0; path = Pods_SwormTests.framework; sourceTree = BUILT_PRODUCTS_DIR; };
		7B52AA44B457A27B3744C029 /* Pods-SwormTests.release.xcconfig */ = {isa = PBXFileReference; includeInIndex = 1; lastKnownFileType = text.xcconfig; name = "Pods-SwormTests.release.xcconfig"; path = "Pods/Target Support Files/Pods-SwormTests/Pods-SwormTests.release.xcconfig"; sourceTree = "<group>"; };
		8A26B22EFFC5E7212CBC8721 /* Pods-Sworm.release.xcconfig */ = {isa = PBXFileReference; includeInIndex = 1; lastKnownFileType = text.xcconfig; name = "Pods-Sworm.release.xcconfig"; path = "Pods/Target Support Files/Pods-Sworm/Pods-Sworm.release.xcconfig"; sourceTree = "<group>"; };
		A4A1CC3D1BED3A1000FCA785 /* Sworm.podspec */ = {isa = PBXFileReference; fileEncoding = 4; lastKnownFileType = text; path = Sworm.podspec; sourceTree = "<group>"; };
		A4A1CC3F1BED3AA000FCA785 /* LICENSE */ = {isa = PBXFileReference; fileEncoding = 4; lastKnownFileType = text; path = LICENSE; sourceTree = "<group>"; };
		A4A1CC411BED41C500FCA785 /* Podfile */ = {isa = PBXFileReference; fileEncoding = 4; lastKnownFileType = text; path = Podfile; sourceTree = "<group>"; };
		A4A616281C3E9D2E00B44266 /* Inflection.swift */ = {isa = PBXFileReference; fileEncoding = 4; lastKnownFileType = sourcecode.swift; path = Inflection.swift; sourceTree = "<group>"; };
		A4F663251BE4063C008AC04E /* Sworm.framework */ = {isa = PBXFileReference; explicitFileType = wrapper.framework; includeInIndex = 0; path = Sworm.framework; sourceTree = BUILT_PRODUCTS_DIR; };
		A4F6632A1BE4063C008AC04E /* Info.plist */ = {isa = PBXFileReference; lastKnownFileType = text.plist.xml; path = Info.plist; sourceTree = "<group>"; };
		A4F6632F1BE4063C008AC04E /* SwormTests.xctest */ = {isa = PBXFileReference; explicitFileType = wrapper.cfbundle; includeInIndex = 0; path = SwormTests.xctest; sourceTree = BUILT_PRODUCTS_DIR; };
		A4F663341BE4063C008AC04E /* SwormTests.swift */ = {isa = PBXFileReference; lastKnownFileType = sourcecode.swift; path = SwormTests.swift; sourceTree = "<group>"; };
		A4F663361BE4063C008AC04E /* Info.plist */ = {isa = PBXFileReference; lastKnownFileType = text.plist.xml; path = Info.plist; sourceTree = "<group>"; };
		A4F663401BE406C6008AC04E /* Alamofire+Request.swift */ = {isa = PBXFileReference; fileEncoding = 4; lastKnownFileType = sourcecode.swift; path = "Alamofire+Request.swift"; sourceTree = "<group>"; };
		A4F663431BE40711008AC04E /* Sworm.swift */ = {isa = PBXFileReference; fileEncoding = 4; lastKnownFileType = sourcecode.swift; path = Sworm.swift; sourceTree = "<group>"; };
		F829FFD74B5FC51E723624D9 /* Pods-SwormTests.debug.xcconfig */ = {isa = PBXFileReference; includeInIndex = 1; lastKnownFileType = text.xcconfig; name = "Pods-SwormTests.debug.xcconfig"; path = "Pods/Target Support Files/Pods-SwormTests/Pods-SwormTests.debug.xcconfig"; sourceTree = "<group>"; };
/* End PBXFileReference section */

/* Begin PBXFrameworksBuildPhase section */
		A4F663211BE4063C008AC04E /* Frameworks */ = {
			isa = PBXFrameworksBuildPhase;
			buildActionMask = 2147483647;
			files = (
				66E4CD8F652E911C62145FF5 /* Pods_Sworm.framework in Frameworks */,
			);
			runOnlyForDeploymentPostprocessing = 0;
		};
		A4F6632C1BE4063C008AC04E /* Frameworks */ = {
			isa = PBXFrameworksBuildPhase;
			buildActionMask = 2147483647;
			files = (
				A4F663301BE4063C008AC04E /* Sworm.framework in Frameworks */,
				D2D51401A1F6820F4D20C338 /* Pods_SwormTests.framework in Frameworks */,
			);
			runOnlyForDeploymentPostprocessing = 0;
		};
/* End PBXFrameworksBuildPhase section */

/* Begin PBXGroup section */
		19CC255F38F6125B831FB7C6 /* Frameworks */ = {
			isa = PBXGroup;
			children = (
				634B6EAF6D582CED351EB32E /* Pods_Sworm.framework */,
				6E72721FFA5FCDA17A565BEB /* Pods_SwormTests.framework */,
			);
			name = Frameworks;
			sourceTree = "<group>";
		};
		1D2544251BE5892800B26005 /* Fixtures */ = {
			isa = PBXGroup;
			children = (
				1D2544231BE5892100B26005 /* client_10.json */,
				1D6C7C681BE64C9200E49795 /* address.json */,
				1D6C7C6A1BE64E0300E49795 /* clients.json */,
				1D38483F1BE6523900AB92A3 /* active_clients.json */,
			);
			name = Fixtures;
			sourceTree = "<group>";
		};
		2A04CF26981546C9D0DC8923 /* Pods */ = {
			isa = PBXGroup;
			children = (
				6A56888E872F5A9BDC94EFB0 /* Pods-Sworm.debug.xcconfig */,
				8A26B22EFFC5E7212CBC8721 /* Pods-Sworm.release.xcconfig */,
				F829FFD74B5FC51E723624D9 /* Pods-SwormTests.debug.xcconfig */,
				7B52AA44B457A27B3744C029 /* Pods-SwormTests.release.xcconfig */,
			);
			name = Pods;
			sourceTree = "<group>";
		};
		A4F6631B1BE4063C008AC04E = {
			isa = PBXGroup;
			children = (
				A4A1CC411BED41C500FCA785 /* Podfile */,
				A4A1CC3F1BED3AA000FCA785 /* LICENSE */,
				A4A1CC3D1BED3A1000FCA785 /* Sworm.podspec */,
				A4F663271BE4063C008AC04E /* Sworm */,
				A4F663331BE4063C008AC04E /* SwormTests */,
				A4F663261BE4063C008AC04E /* Products */,
				2A04CF26981546C9D0DC8923 /* Pods */,
				19CC255F38F6125B831FB7C6 /* Frameworks */,
			);
			sourceTree = "<group>";
		};
		A4F663261BE4063C008AC04E /* Products */ = {
			isa = PBXGroup;
			children = (
				A4F663251BE4063C008AC04E /* Sworm.framework */,
				A4F6632F1BE4063C008AC04E /* SwormTests.xctest */,
			);
			name = Products;
			sourceTree = "<group>";
		};
		A4F663271BE4063C008AC04E /* Sworm */ = {
			isa = PBXGroup;
			children = (
				A4F6633F1BE406A3008AC04E /* Extensions */,
				A4F6632A1BE4063C008AC04E /* Info.plist */,
				A4F663431BE40711008AC04E /* Sworm.swift */,
				1DD65A851BE83BF10005C95E /* Sworm+Params.swift */,
				1D0E1BC31BEC0C6F00CDC6DA /* Sworm+InstanceMethods.swift */,
			);
			path = Sworm;
			sourceTree = "<group>";
		};
		A4F663331BE4063C008AC04E /* SwormTests */ = {
			isa = PBXGroup;
			children = (
				1DA60CBA1BE430C5008894AD /* DummyResourceTests.swift */,
				1D38483D1BE650CF00AB92A3 /* DummyResourceTests+GetCollections.swift */,
				1D2544211BE5882400B26005 /* DummyResourceTests+Gets.swift */,
				1D2544251BE5892800B26005 /* Fixtures */,
				A4F663361BE4063C008AC04E /* Info.plist */,
				A4F663341BE4063C008AC04E /* SwormTests.swift */,
				1DFF98551BE6D16C003B32CE /* DummyResourcesTests+Creation.swift */,
				1DD65A881BE83C250005C95E /* Sworm+ParamsTest.swift */,
				1D0E1BBF1BEC0A0200CDC6DA /* DummyResourceTests+Update.swift */,
				1D0E1BC11BEC0BF300CDC6DA /* DummyResourcesTests+Delete.swift */,
			);
			path = SwormTests;
			sourceTree = "<group>";
		};
		A4F6633F1BE406A3008AC04E /* Extensions */ = {
			isa = PBXGroup;
			children = (
				A4F663401BE406C6008AC04E /* Alamofire+Request.swift */,
				1DD65A8A1BE843090005C95E /* Dictionary.swift */,
				1D0E1BC51BEC306700CDC6DA /* Pluralize.swift */,
				A4A616281C3E9D2E00B44266 /* Inflection.swift */,
			);
			name = Extensions;
			sourceTree = "<group>";
		};
/* End PBXGroup section */

/* Begin PBXHeadersBuildPhase section */
		A4F663221BE4063C008AC04E /* Headers */ = {
			isa = PBXHeadersBuildPhase;
			buildActionMask = 2147483647;
			files = (
			);
			runOnlyForDeploymentPostprocessing = 0;
		};
/* End PBXHeadersBuildPhase section */

/* Begin PBXNativeTarget section */
		A4F663241BE4063C008AC04E /* Sworm */ = {
			isa = PBXNativeTarget;
			buildConfigurationList = A4F663391BE4063C008AC04E /* Build configuration list for PBXNativeTarget "Sworm" */;
			buildPhases = (
				0560A38E6F4BDDDA0B4036A2 /* 📦 Check Pods Manifest.lock */,
				A4F663201BE4063C008AC04E /* Sources */,
				A4F663211BE4063C008AC04E /* Frameworks */,
				A4F663221BE4063C008AC04E /* Headers */,
				A4F663231BE4063C008AC04E /* Resources */,
				732804E3FCB3ED6B6D761AAB /* 📦 Copy Pods Resources */,
			);
			buildRules = (
			);
			dependencies = (
			);
			name = Sworm;
			productName = Sworm;
			productReference = A4F663251BE4063C008AC04E /* Sworm.framework */;
			productType = "com.apple.product-type.framework";
		};
		A4F6632E1BE4063C008AC04E /* SwormTests */ = {
			isa = PBXNativeTarget;
			buildConfigurationList = A4F6633C1BE4063C008AC04E /* Build configuration list for PBXNativeTarget "SwormTests" */;
			buildPhases = (
				2AD526FF4C9CEAD703338A1F /* 📦 Check Pods Manifest.lock */,
				A4F6632B1BE4063C008AC04E /* Sources */,
				A4F6632C1BE4063C008AC04E /* Frameworks */,
				A4F6632D1BE4063C008AC04E /* Resources */,
				B9EFDC222FA7F194DDCBD780 /* 📦 Embed Pods Frameworks */,
				BFB3067FC5240699AD692D09 /* 📦 Copy Pods Resources */,
			);
			buildRules = (
			);
			dependencies = (
				A4F663321BE4063C008AC04E /* PBXTargetDependency */,
			);
			name = SwormTests;
			productName = SwormTests;
			productReference = A4F6632F1BE4063C008AC04E /* SwormTests.xctest */;
			productType = "com.apple.product-type.bundle.unit-test";
		};
/* End PBXNativeTarget section */

/* Begin PBXProject section */
		A4F6631C1BE4063C008AC04E /* Project object */ = {
			isa = PBXProject;
			attributes = {
				LastSwiftUpdateCheck = 0710;
				LastUpgradeCheck = 0710;
				ORGANIZATIONNAME = "Wilbert Ribeiro";
				TargetAttributes = {
					A4F663241BE4063C008AC04E = {
						CreatedOnToolsVersion = 7.1;
					};
					A4F6632E1BE4063C008AC04E = {
						CreatedOnToolsVersion = 7.1;
					};
				};
			};
			buildConfigurationList = A4F6631F1BE4063C008AC04E /* Build configuration list for PBXProject "Sworm" */;
			compatibilityVersion = "Xcode 3.2";
			developmentRegion = English;
			hasScannedForEncodings = 0;
			knownRegions = (
				en,
			);
			mainGroup = A4F6631B1BE4063C008AC04E;
			productRefGroup = A4F663261BE4063C008AC04E /* Products */;
			projectDirPath = "";
			projectRoot = "";
			targets = (
				A4F663241BE4063C008AC04E /* Sworm */,
				A4F6632E1BE4063C008AC04E /* SwormTests */,
			);
		};
/* End PBXProject section */

/* Begin PBXResourcesBuildPhase section */
		A4F663231BE4063C008AC04E /* Resources */ = {
			isa = PBXResourcesBuildPhase;
			buildActionMask = 2147483647;
			files = (
				A4A1CC421BED41C500FCA785 /* Podfile in Resources */,
				A4A1CC401BED3AA000FCA785 /* LICENSE in Resources */,
				A4A1CC3E1BED3A1000FCA785 /* Sworm.podspec in Resources */,
			);
			runOnlyForDeploymentPostprocessing = 0;
		};
		A4F6632D1BE4063C008AC04E /* Resources */ = {
			isa = PBXResourcesBuildPhase;
			buildActionMask = 2147483647;
			files = (
				1D3848401BE6523900AB92A3 /* active_clients.json in Resources */,
				1D6C7C691BE64C9200E49795 /* address.json in Resources */,
				1D6C7C6B1BE64E0300E49795 /* clients.json in Resources */,
				1D2544241BE5892100B26005 /* client_10.json in Resources */,
			);
			runOnlyForDeploymentPostprocessing = 0;
		};
/* End PBXResourcesBuildPhase section */

/* Begin PBXShellScriptBuildPhase section */
		0560A38E6F4BDDDA0B4036A2 /* 📦 Check Pods Manifest.lock */ = {
			isa = PBXShellScriptBuildPhase;
			buildActionMask = 2147483647;
			files = (
			);
			inputPaths = (
			);
			name = "📦 Check Pods Manifest.lock";
			outputPaths = (
			);
			runOnlyForDeploymentPostprocessing = 0;
			shellPath = /bin/sh;
			shellScript = "diff \"${PODS_ROOT}/../Podfile.lock\" \"${PODS_ROOT}/Manifest.lock\" > /dev/null\nif [[ $? != 0 ]] ; then\n    cat << EOM\nerror: The sandbox is not in sync with the Podfile.lock. Run 'pod install' or update your CocoaPods installation.\nEOM\n    exit 1\nfi\n";
			showEnvVarsInLog = 0;
		};
		2AD526FF4C9CEAD703338A1F /* 📦 Check Pods Manifest.lock */ = {
			isa = PBXShellScriptBuildPhase;
			buildActionMask = 2147483647;
			files = (
			);
			inputPaths = (
			);
			name = "📦 Check Pods Manifest.lock";
			outputPaths = (
			);
			runOnlyForDeploymentPostprocessing = 0;
			shellPath = /bin/sh;
			shellScript = "diff \"${PODS_ROOT}/../Podfile.lock\" \"${PODS_ROOT}/Manifest.lock\" > /dev/null\nif [[ $? != 0 ]] ; then\n    cat << EOM\nerror: The sandbox is not in sync with the Podfile.lock. Run 'pod install' or update your CocoaPods installation.\nEOM\n    exit 1\nfi\n";
			showEnvVarsInLog = 0;
		};
		732804E3FCB3ED6B6D761AAB /* 📦 Copy Pods Resources */ = {
			isa = PBXShellScriptBuildPhase;
			buildActionMask = 2147483647;
			files = (
			);
			inputPaths = (
			);
			name = "📦 Copy Pods Resources";
			outputPaths = (
			);
			runOnlyForDeploymentPostprocessing = 0;
			shellPath = /bin/sh;
			shellScript = "\"${SRCROOT}/Pods/Target Support Files/Pods-Sworm/Pods-Sworm-resources.sh\"\n";
			showEnvVarsInLog = 0;
		};
		B9EFDC222FA7F194DDCBD780 /* 📦 Embed Pods Frameworks */ = {
			isa = PBXShellScriptBuildPhase;
			buildActionMask = 2147483647;
			files = (
			);
			inputPaths = (
			);
			name = "📦 Embed Pods Frameworks";
			outputPaths = (
			);
			runOnlyForDeploymentPostprocessing = 0;
			shellPath = /bin/sh;
			shellScript = "\"${SRCROOT}/Pods/Target Support Files/Pods-SwormTests/Pods-SwormTests-frameworks.sh\"\n";
			showEnvVarsInLog = 0;
		};
		BFB3067FC5240699AD692D09 /* 📦 Copy Pods Resources */ = {
			isa = PBXShellScriptBuildPhase;
			buildActionMask = 2147483647;
			files = (
			);
			inputPaths = (
			);
			name = "📦 Copy Pods Resources";
			outputPaths = (
			);
			runOnlyForDeploymentPostprocessing = 0;
			shellPath = /bin/sh;
			shellScript = "\"${SRCROOT}/Pods/Target Support Files/Pods-SwormTests/Pods-SwormTests-resources.sh\"\n";
			showEnvVarsInLog = 0;
		};
/* End PBXShellScriptBuildPhase section */

/* Begin PBXSourcesBuildPhase section */
		A4F663201BE4063C008AC04E /* Sources */ = {
			isa = PBXSourcesBuildPhase;
			buildActionMask = 2147483647;
			files = (
				1D0E1BC61BEC306700CDC6DA /* Pluralize.swift in Sources */,
				A4F663441BE40711008AC04E /* Sworm.swift in Sources */,
				1DD65A8B1BE843090005C95E /* Dictionary.swift in Sources */,
				1D0E1BC41BEC0C6F00CDC6DA /* Sworm+InstanceMethods.swift in Sources */,
				1DD65A861BE83BF10005C95E /* Sworm+Params.swift in Sources */,
				A4F663411BE406C6008AC04E /* Alamofire+Request.swift in Sources */,
				A4A616291C3E9D2E00B44266 /* Inflection.swift in Sources */,
			);
			runOnlyForDeploymentPostprocessing = 0;
		};
		A4F6632B1BE4063C008AC04E /* Sources */ = {
			isa = PBXSourcesBuildPhase;
			buildActionMask = 2147483647;
			files = (
				1DFF98561BE6D16C003B32CE /* DummyResourcesTests+Creation.swift in Sources */,
				1DD65A8C1BE843090005C95E /* Dictionary.swift in Sources */,
				1D2544221BE5882400B26005 /* DummyResourceTests+Gets.swift in Sources */,
				1D38483E1BE650CF00AB92A3 /* DummyResourceTests+GetCollections.swift in Sources */,
				1D0E1BC01BEC0A0200CDC6DA /* DummyResourceTests+Update.swift in Sources */,
				A4F663421BE406C6008AC04E /* Alamofire+Request.swift in Sources */,
				1D0E1BC21BEC0BF300CDC6DA /* DummyResourcesTests+Delete.swift in Sources */,
				1DD65A891BE83C250005C95E /* Sworm+ParamsTest.swift in Sources */,
				1DD65A871BE83BF60005C95E /* Sworm+Params.swift in Sources */,
				A4F663451BE40711008AC04E /* Sworm.swift in Sources */,
				1DA60CBB1BE430C5008894AD /* DummyResourceTests.swift in Sources */,
				A4F663351BE4063C008AC04E /* SwormTests.swift in Sources */,
			);
			runOnlyForDeploymentPostprocessing = 0;
		};
/* End PBXSourcesBuildPhase section */

/* Begin PBXTargetDependency section */
		A4F663321BE4063C008AC04E /* PBXTargetDependency */ = {
			isa = PBXTargetDependency;
			target = A4F663241BE4063C008AC04E /* Sworm */;
			targetProxy = A4F663311BE4063C008AC04E /* PBXContainerItemProxy */;
		};
/* End PBXTargetDependency section */

/* Begin XCBuildConfiguration section */
		A4F663371BE4063C008AC04E /* Debug */ = {
			isa = XCBuildConfiguration;
			buildSettings = {
				ALWAYS_SEARCH_USER_PATHS = NO;
				CLANG_CXX_LANGUAGE_STANDARD = "gnu++0x";
				CLANG_CXX_LIBRARY = "libc++";
				CLANG_ENABLE_MODULES = YES;
				CLANG_ENABLE_OBJC_ARC = YES;
				CLANG_WARN_BOOL_CONVERSION = YES;
				CLANG_WARN_CONSTANT_CONVERSION = YES;
				CLANG_WARN_DIRECT_OBJC_ISA_USAGE = YES_ERROR;
				CLANG_WARN_EMPTY_BODY = YES;
				CLANG_WARN_ENUM_CONVERSION = YES;
				CLANG_WARN_INT_CONVERSION = YES;
				CLANG_WARN_OBJC_ROOT_CLASS = YES_ERROR;
				CLANG_WARN_UNREACHABLE_CODE = YES;
				CLANG_WARN__DUPLICATE_METHOD_MATCH = YES;
				"CODE_SIGN_IDENTITY[sdk=iphoneos*]" = "iPhone Developer";
				COPY_PHASE_STRIP = NO;
				CURRENT_PROJECT_VERSION = 1;
				DEBUG_INFORMATION_FORMAT = dwarf;
				ENABLE_STRICT_OBJC_MSGSEND = YES;
				ENABLE_TESTABILITY = YES;
				GCC_C_LANGUAGE_STANDARD = gnu99;
				GCC_DYNAMIC_NO_PIC = NO;
				GCC_NO_COMMON_BLOCKS = YES;
				GCC_OPTIMIZATION_LEVEL = 0;
				GCC_PREPROCESSOR_DEFINITIONS = (
					"DEBUG=1",
					"$(inherited)",
				);
				GCC_WARN_64_TO_32_BIT_CONVERSION = YES;
				GCC_WARN_ABOUT_RETURN_TYPE = YES_ERROR;
				GCC_WARN_UNDECLARED_SELECTOR = YES;
				GCC_WARN_UNINITIALIZED_AUTOS = YES_AGGRESSIVE;
				GCC_WARN_UNUSED_FUNCTION = YES;
				GCC_WARN_UNUSED_VARIABLE = YES;
				IPHONEOS_DEPLOYMENT_TARGET = 9.0;
				MTL_ENABLE_DEBUG_INFO = YES;
				ONLY_ACTIVE_ARCH = YES;
				SDKROOT = iphoneos;
				SWIFT_OPTIMIZATION_LEVEL = "-Onone";
				TARGETED_DEVICE_FAMILY = "1,2";
				VERSIONING_SYSTEM = "apple-generic";
				VERSION_INFO_PREFIX = "";
			};
			name = Debug;
		};
		A4F663381BE4063C008AC04E /* Release */ = {
			isa = XCBuildConfiguration;
			buildSettings = {
				ALWAYS_SEARCH_USER_PATHS = NO;
				CLANG_CXX_LANGUAGE_STANDARD = "gnu++0x";
				CLANG_CXX_LIBRARY = "libc++";
				CLANG_ENABLE_MODULES = YES;
				CLANG_ENABLE_OBJC_ARC = YES;
				CLANG_WARN_BOOL_CONVERSION = YES;
				CLANG_WARN_CONSTANT_CONVERSION = YES;
				CLANG_WARN_DIRECT_OBJC_ISA_USAGE = YES_ERROR;
				CLANG_WARN_EMPTY_BODY = YES;
				CLANG_WARN_ENUM_CONVERSION = YES;
				CLANG_WARN_INT_CONVERSION = YES;
				CLANG_WARN_OBJC_ROOT_CLASS = YES_ERROR;
				CLANG_WARN_UNREACHABLE_CODE = YES;
				CLANG_WARN__DUPLICATE_METHOD_MATCH = YES;
				"CODE_SIGN_IDENTITY[sdk=iphoneos*]" = "iPhone Developer";
				COPY_PHASE_STRIP = NO;
				CURRENT_PROJECT_VERSION = 1;
				DEBUG_INFORMATION_FORMAT = "dwarf-with-dsym";
				ENABLE_NS_ASSERTIONS = NO;
				ENABLE_STRICT_OBJC_MSGSEND = YES;
				GCC_C_LANGUAGE_STANDARD = gnu99;
				GCC_NO_COMMON_BLOCKS = YES;
				GCC_WARN_64_TO_32_BIT_CONVERSION = YES;
				GCC_WARN_ABOUT_RETURN_TYPE = YES_ERROR;
				GCC_WARN_UNDECLARED_SELECTOR = YES;
				GCC_WARN_UNINITIALIZED_AUTOS = YES_AGGRESSIVE;
				GCC_WARN_UNUSED_FUNCTION = YES;
				GCC_WARN_UNUSED_VARIABLE = YES;
				IPHONEOS_DEPLOYMENT_TARGET = 9.0;
				MTL_ENABLE_DEBUG_INFO = NO;
				SDKROOT = iphoneos;
				TARGETED_DEVICE_FAMILY = "1,2";
				VALIDATE_PRODUCT = YES;
				VERSIONING_SYSTEM = "apple-generic";
				VERSION_INFO_PREFIX = "";
			};
			name = Release;
		};
		A4F6633A1BE4063C008AC04E /* Debug */ = {
			isa = XCBuildConfiguration;
			baseConfigurationReference = 6A56888E872F5A9BDC94EFB0 /* Pods-Sworm.debug.xcconfig */;
			buildSettings = {
				CLANG_ENABLE_MODULES = YES;
				DEFINES_MODULE = YES;
				DYLIB_COMPATIBILITY_VERSION = 1;
				DYLIB_CURRENT_VERSION = 1;
				DYLIB_INSTALL_NAME_BASE = "@rpath";
				INFOPLIST_FILE = Sworm/Info.plist;
				INSTALL_PATH = "$(LOCAL_LIBRARY_DIR)/Frameworks";
				LD_RUNPATH_SEARCH_PATHS = "$(inherited) @executable_path/Frameworks @loader_path/Frameworks";
				PRODUCT_BUNDLE_IDENTIFIER = com.sworm.Sworm;
				PRODUCT_NAME = "$(TARGET_NAME)";
				SKIP_INSTALL = YES;
				SWIFT_OPTIMIZATION_LEVEL = "-Onone";
			};
			name = Debug;
		};
		A4F6633B1BE4063C008AC04E /* Release */ = {
			isa = XCBuildConfiguration;
			baseConfigurationReference = 8A26B22EFFC5E7212CBC8721 /* Pods-Sworm.release.xcconfig */;
			buildSettings = {
				CLANG_ENABLE_MODULES = YES;
				DEFINES_MODULE = YES;
				DYLIB_COMPATIBILITY_VERSION = 1;
				DYLIB_CURRENT_VERSION = 1;
				DYLIB_INSTALL_NAME_BASE = "@rpath";
				INFOPLIST_FILE = Sworm/Info.plist;
				INSTALL_PATH = "$(LOCAL_LIBRARY_DIR)/Frameworks";
				LD_RUNPATH_SEARCH_PATHS = "$(inherited) @executable_path/Frameworks @loader_path/Frameworks";
				PRODUCT_BUNDLE_IDENTIFIER = com.sworm.Sworm;
				PRODUCT_NAME = "$(TARGET_NAME)";
				SKIP_INSTALL = YES;
			};
			name = Release;
		};
		A4F6633D1BE4063C008AC04E /* Debug */ = {
			isa = XCBuildConfiguration;
			baseConfigurationReference = F829FFD74B5FC51E723624D9 /* Pods-SwormTests.debug.xcconfig */;
			buildSettings = {
				INFOPLIST_FILE = SwormTests/Info.plist;
				LD_RUNPATH_SEARCH_PATHS = "$(inherited) @executable_path/Frameworks @loader_path/Frameworks";
				PRODUCT_BUNDLE_IDENTIFIER = com.sworm.SwormTests;
				PRODUCT_NAME = "$(TARGET_NAME)";
			};
			name = Debug;
		};
		A4F6633E1BE4063C008AC04E /* Release */ = {
			isa = XCBuildConfiguration;
			baseConfigurationReference = 7B52AA44B457A27B3744C029 /* Pods-SwormTests.release.xcconfig */;
			buildSettings = {
				INFOPLIST_FILE = SwormTests/Info.plist;
				LD_RUNPATH_SEARCH_PATHS = "$(inherited) @executable_path/Frameworks @loader_path/Frameworks";
				PRODUCT_BUNDLE_IDENTIFIER = com.sworm.SwormTests;
				PRODUCT_NAME = "$(TARGET_NAME)";
			};
			name = Release;
		};
/* End XCBuildConfiguration section */

/* Begin XCConfigurationList section */
		A4F6631F1BE4063C008AC04E /* Build configuration list for PBXProject "Sworm" */ = {
			isa = XCConfigurationList;
			buildConfigurations = (
				A4F663371BE4063C008AC04E /* Debug */,
				A4F663381BE4063C008AC04E /* Release */,
			);
			defaultConfigurationIsVisible = 0;
			defaultConfigurationName = Release;
		};
		A4F663391BE4063C008AC04E /* Build configuration list for PBXNativeTarget "Sworm" */ = {
			isa = XCConfigurationList;
			buildConfigurations = (
				A4F6633A1BE4063C008AC04E /* Debug */,
				A4F6633B1BE4063C008AC04E /* Release */,
			);
			defaultConfigurationIsVisible = 0;
			defaultConfigurationName = Release;
		};
		A4F6633C1BE4063C008AC04E /* Build configuration list for PBXNativeTarget "SwormTests" */ = {
			isa = XCConfigurationList;
			buildConfigurations = (
				A4F6633D1BE4063C008AC04E /* Debug */,
				A4F6633E1BE4063C008AC04E /* Release */,
			);
			defaultConfigurationIsVisible = 0;
			defaultConfigurationName = Release;
		};
/* End XCConfigurationList section */
	};
	rootObject = A4F6631C1BE4063C008AC04E /* Project object */;
}
